{
    "_readme": [
        "This file locks the dependencies of your project to a known state",
        "Read more about it at https://getcomposer.org/doc/01-basic-usage.md#composer-lock-the-lock-file",
        "This file is @generated automatically"
    ],
    "hash": "ecb571dbd93072a95678110a78552e3e",
    "content-hash": "ef7bdd92516937a7199856cbd10bf615",
    "packages": [
        {
            "name": "oktopost/objection",
            "version": "1.0.13",
            "source": {
                "type": "git",
                "url": "https://github.com/Oktopost/Objection.git",
                "reference": "ed779b56a96e395ae1c16273f73cf5e16a0f79f3"
            },
            "dist": {
                "type": "zip",
                "url": "https://api.github.com/repos/Oktopost/Objection/zipball/ed779b56a96e395ae1c16273f73cf5e16a0f79f3",
                "reference": "ed779b56a96e395ae1c16273f73cf5e16a0f79f3",
                "shasum": ""
            },
            "require": {
                "php": ">=5.5-stable",
                "unstable-cacao/traitor": "^1.0"
            },
            "type": "library",
            "autoload": {
                "psr-0": {
                    "Objection": "src"
                }
            },
            "notification-url": "https://packagist.org/downloads/",
            "license": [
                "MIT"
            ],
            "authors": [
                {
                    "name": "Alexey Puchkov",
                    "email": "alexey@oktopost.com",
                    "role": "Developer"
                },
                {
                    "name": "Marina Sherstuk",
                    "email": "marinashers@gmail.com",
                    "role": "Developer"
                },
                {
                    "name": "Daniel Podrabinek",
                    "email": "dpodrabinek@oktopost.com",
                    "role": "Developer"
                }
            ],
            "description": "Objects in PHP",
            "homepage": "https://github.com/Oktopost/Objection",
            "time": "2017-10-19 05:25:35"
        },
        {
            "name": "oktopost/skeleton",
            "version": "1.1.3",
            "source": {
                "type": "git",
                "url": "https://github.com/Oktopost/Skeleton.git",
                "reference": "a9abb22bf059ddf753321ab4493dbe15b83c7be5"
            },
            "dist": {
                "type": "zip",
                "url": "https://api.github.com/repos/Oktopost/Skeleton/zipball/a9abb22bf059ddf753321ab4493dbe15b83c7be5",
                "reference": "a9abb22bf059ddf753321ab4493dbe15b83c7be5",
                "shasum": ""
            },
            "require": {
                "oktopost/objection": "^1.0.0",
                "php": ">=7.1"
            },
            "require-dev": {
                "phpunit/phpunit": "^6.2",
                "satooshi/php-coveralls": "^1.0"
            },
            "type": "library",
            "autoload": {
                "psr-0": {
                    "Skeleton": "src"
                }
            },
            "notification-url": "https://packagist.org/downloads/",
            "license": [
                "MIT"
            ],
            "authors": [
                {
                    "name": "Alexey Puchkov",
                    "email": "alexey@oktopost.com",
                    "role": "Developer"
                }
            ],
            "description": "Inversion of Control library",
            "homepage": "https://github.com/Oktopost/Skeleton",
            "time": "2017-08-02 07:37:39"
        },
        {
            "name": "oktopost/squid",
            "version": "1.0.26",
            "source": {
                "type": "git",
                "url": "https://github.com/Oktopost/Squid.git",
                "reference": "e37f838962b0c37afbf55ded5737939c924a7d0a"
            },
            "dist": {
                "type": "zip",
                "url": "https://api.github.com/repos/Oktopost/Squid/zipball/e37f838962b0c37afbf55ded5737939c924a7d0a",
                "reference": "e37f838962b0c37afbf55ded5737939c924a7d0a",
                "shasum": ""
            },
            "require": {
                "oktopost/objection": "^1.0.13",
                "oktopost/skeleton": "^1.1.0",
                "php": ">=7.1-stable",
                "unstable-cacao/traitor": "^1.0"
            },
            "require-dev": {
                "phpunit/phpunit": "^6.1",
                "satooshi/php-coveralls": "^1.0"
            },
            "type": "library",
            "autoload": {
                "psr-0": {
                    "Squid": "src"
                }
            },
            "notification-url": "https://packagist.org/downloads/",
            "license": [
                "MIT"
            ],
            "authors": [
                {
                    "name": "Alexey Puchkov",
                    "email": "alexey@oktopost.com",
                    "role": "Developer"
                },
                {
                    "name": "Daniel Podrabinek",
                    "email": "dpodrabinek@oktopost.com",
                    "role": "Developer"
                },
                {
                    "name": "Ivan Demchenkov",
                    "email": "ivan@oktopost.com",
                    "role": "Developer"
                }
            ],
            "description": "MySQL library build on top of PDO",
            "homepage": "https://github.com/Oktopost/Squid",
            "time": "2017-10-31 08:21:59"
        },
        {
            "name": "unstable-cacao/structura",
            "version": "1.0.8",
            "source": {
                "type": "git",
                "url": "https://github.com/unstable-cacao/Structura.git",
                "reference": "5a6e970248996d5a01b90dd3a755aeb9158211f2"
            },
            "dist": {
                "type": "zip",
                "url": "https://api.github.com/repos/unstable-cacao/Structura/zipball/5a6e970248996d5a01b90dd3a755aeb9158211f2",
                "reference": "5a6e970248996d5a01b90dd3a755aeb9158211f2",
                "shasum": ""
            },
            "require": {
                "php": ">=7.1"
            },
            "require-dev": {
                "phpunit/phpunit": "^6.2",
                "satooshi/php-coveralls": "^1.0"
            },
            "type": "library",
            "autoload": {
                "psr-0": {
                    "Structura": "src"
                }
            },
            "notification-url": "https://packagist.org/downloads/",
            "license": [
                "MIT"
            ],
            "authors": [
                {
                    "name": "Alexey Puchkov",
                    "email": "alexey.pkv@gmail.com",
                    "role": "Developer"
                }
            ],
            "homepage": "https://github.com/unstable-cacao/Structura",
            "time": "2017-11-19 15:00:43"
        },
        {
            "name": "unstable-cacao/traitor",
            "version": "1.0.1",
            "source": {
                "type": "git",
                "url": "https://github.com/unstable-cacao/Traitor.git",
                "reference": "9568cf58c5b53111f304b1e4c3c401925802f542"
            },
            "dist": {
                "type": "zip",
                "url": "https://api.github.com/repos/unstable-cacao/Traitor/zipball/9568cf58c5b53111f304b1e4c3c401925802f542",
                "reference": "9568cf58c5b53111f304b1e4c3c401925802f542",
                "shasum": ""
            },
            "require": {
                "php": ">=7.1-stable"
            },
            "require-dev": {
                "phpunit/phpunit": "^6.1",
                "satooshi/php-coveralls": "^1.0"
            },
            "type": "library",
            "autoload": {
                "psr-0": {
                    "Traitor": "src"
                }
            },
            "notification-url": "https://packagist.org/downloads/",
            "license": [
                "MIT"
            ],
            "authors": [
                {
                    "name": "Alexey Puchkov",
                    "email": "alexey.pkv@gmail.com"
                },
                {
                    "name": "Marina Puchkov",
                    "email": "marinashers@gmail.com"
                }
            ],
            "time": "2017-11-13 07:22:17"
        }
    ],
    "packages-dev": [],
    "aliases": [],
    "minimum-stability": "stable",
    "stability-flags": [],
    "prefer-stable": false,
    "prefer-lowest": false,
    "platform": [],
    "platform-dev": []
}
